// !$*UTF8*$!
{
	archiveVersion = 1;
	classes = {
	};
	objectVersion = 51;
	objects = {

/* Begin PBXBuildFile section */
		08D97091ED2581B4D41E0B06 /* Pods_BooksAppTests.framework in Frameworks */ = {isa = PBXBuildFile; fileRef = E72D5620C538CAB506C64953 /* Pods_BooksAppTests.framework */; };
		5AF1DD7776D4E97FC946A2ED /* Pods_BooksApp_BooksAppUITests.framework in Frameworks */ = {isa = PBXBuildFile; fileRef = 35F2A5FD39A639C2621B1D35 /* Pods_BooksApp_BooksAppUITests.framework */; };
		D64E360F229979CB27A1DF84 /* Pods_BooksApp.framework in Frameworks */ = {isa = PBXBuildFile; fileRef = DCE646484843FB5D4C335DA2 /* Pods_BooksApp.framework */; };
		E434976925E5242A003A6B62 /* detailCell.xib in Resources */ = {isa = PBXBuildFile; fileRef = E434976825E5242A003A6B62 /* detailCell.xib */; };
		E434976B25E52A8C003A6B62 /* DetailTableViewCell.swift in Sources */ = {isa = PBXBuildFile; fileRef = E434976A25E52A8C003A6B62 /* DetailTableViewCell.swift */; };
		E434976D25E53391003A6B62 /* descriptionCell.xib in Resources */ = {isa = PBXBuildFile; fileRef = E434976C25E53391003A6B62 /* descriptionCell.xib */; };
		E434976F25E53408003A6B62 /* DescriptionTableViewCell.swift in Sources */ = {isa = PBXBuildFile; fileRef = E434976E25E53408003A6B62 /* DescriptionTableViewCell.swift */; };
		E4392B7525E255C1004A47C1 /* booksCell.xib in Resources */ = {isa = PBXBuildFile; fileRef = E4392B7425E255C1004A47C1 /* booksCell.xib */; };
		E4392B7725E25B29004A47C1 /* SearchTableViewCell.swift in Sources */ = {isa = PBXBuildFile; fileRef = E4392B7625E25B29004A47C1 /* SearchTableViewCell.swift */; };
		E4392B7B25E260B0004A47C1 /* BooksTableVC.swift in Sources */ = {isa = PBXBuildFile; fileRef = E4392B7A25E260B0004A47C1 /* BooksTableVC.swift */; };
		E4392B7D25E26102004A47C1 /* BooksTableViewCell.swift in Sources */ = {isa = PBXBuildFile; fileRef = E4392B7C25E26102004A47C1 /* BooksTableViewCell.swift */; };
		E4392B7F25E26209004A47C1 /* categoryBookCell.xib in Resources */ = {isa = PBXBuildFile; fileRef = E4392B7E25E26209004A47C1 /* categoryBookCell.xib */; };
		E4392B8125E28FA1004A47C1 /* Books.swift in Sources */ = {isa = PBXBuildFile; fileRef = E4392B8025E28FA1004A47C1 /* Books.swift */; };
		E4392B8325E3E9BB004A47C1 /* nothingFoundCell.xib in Resources */ = {isa = PBXBuildFile; fileRef = E4392B8225E3E9BA004A47C1 /* nothingFoundCell.xib */; };
		E4392B8525E3EBBB004A47C1 /* loadingCell.xib in Resources */ = {isa = PBXBuildFile; fileRef = E4392B8425E3EBBB004A47C1 /* loadingCell.xib */; };
		E4392B8725E402D5004A47C1 /* BookDetailVC.swift in Sources */ = {isa = PBXBuildFile; fileRef = E4392B8625E402D5004A47C1 /* BookDetailVC.swift */; };
		E47CC22C25E1265800A3A54E /* AppDelegate.swift in Sources */ = {isa = PBXBuildFile; fileRef = E47CC22B25E1265800A3A54E /* AppDelegate.swift */; };
		E47CC22E25E1265800A3A54E /* SceneDelegate.swift in Sources */ = {isa = PBXBuildFile; fileRef = E47CC22D25E1265800A3A54E /* SceneDelegate.swift */; };
		E47CC23025E1265800A3A54E /* ViewController.swift in Sources */ = {isa = PBXBuildFile; fileRef = E47CC22F25E1265800A3A54E /* ViewController.swift */; };
		E47CC23325E1265800A3A54E /* Main.storyboard in Resources */ = {isa = PBXBuildFile; fileRef = E47CC23125E1265800A3A54E /* Main.storyboard */; };
		E47CC23525E1265900A3A54E /* Assets.xcassets in Resources */ = {isa = PBXBuildFile; fileRef = E47CC23425E1265900A3A54E /* Assets.xcassets */; };
		E47CC23825E1265900A3A54E /* LaunchScreen.storyboard in Resources */ = {isa = PBXBuildFile; fileRef = E47CC23625E1265900A3A54E /* LaunchScreen.storyboard */; };
		E47CC24325E1265900A3A54E /* BooksAppTests.swift in Sources */ = {isa = PBXBuildFile; fileRef = E47CC24225E1265900A3A54E /* BooksAppTests.swift */; };
		E47CC24E25E1265900A3A54E /* BooksAppUITests.swift in Sources */ = {isa = PBXBuildFile; fileRef = E47CC24D25E1265900A3A54E /* BooksAppUITests.swift */; };
		E47CC25C25E129B700A3A54E /* SearchVC.swift in Sources */ = {isa = PBXBuildFile; fileRef = E47CC25B25E129B700A3A54E /* SearchVC.swift */; };
		E47CC25E25E15AE000A3A54E /* HRBooksCollectionViewCell.swift in Sources */ = {isa = PBXBuildFile; fileRef = E47CC25D25E15AE000A3A54E /* HRBooksCollectionViewCell.swift */; };
		E47CC26025E1727800A3A54E /* CategoriesTableViewCell.swift in Sources */ = {isa = PBXBuildFile; fileRef = E47CC25F25E1727800A3A54E /* CategoriesTableViewCell.swift */; };
/* End PBXBuildFile section */

/* Begin PBXContainerItemProxy section */
		E47CC23F25E1265900A3A54E /* PBXContainerItemProxy */ = {
			isa = PBXContainerItemProxy;
			containerPortal = E47CC22025E1265800A3A54E /* Project object */;
			proxyType = 1;
			remoteGlobalIDString = E47CC22725E1265800A3A54E;
			remoteInfo = BooksApp;
		};
		E47CC24A25E1265900A3A54E /* PBXContainerItemProxy */ = {
			isa = PBXContainerItemProxy;
			containerPortal = E47CC22025E1265800A3A54E /* Project object */;
			proxyType = 1;
			remoteGlobalIDString = E47CC22725E1265800A3A54E;
			remoteInfo = BooksApp;
		};
/* End PBXContainerItemProxy section */

/* Begin PBXFileReference section */
		0ED9AA18D4B8E81C0B290FFD /* Pods-BooksApp.release.xcconfig */ = {isa = PBXFileReference; includeInIndex = 1; lastKnownFileType = text.xcconfig; name = "Pods-BooksApp.release.xcconfig"; path = "Target Support Files/Pods-BooksApp/Pods-BooksApp.release.xcconfig"; sourceTree = "<group>"; };
		10E30E76AC05A5D0000518DA /* Pods-BooksApp-BooksAppUITests.release.xcconfig */ = {isa = PBXFileReference; includeInIndex = 1; lastKnownFileType = text.xcconfig; name = "Pods-BooksApp-BooksAppUITests.release.xcconfig"; path = "Target Support Files/Pods-BooksApp-BooksAppUITests/Pods-BooksApp-BooksAppUITests.release.xcconfig"; sourceTree = "<group>"; };
		338EA723A1B002D05C114CB8 /* Pods-BooksApp-BooksAppUITests.debug.xcconfig */ = {isa = PBXFileReference; includeInIndex = 1; lastKnownFileType = text.xcconfig; name = "Pods-BooksApp-BooksAppUITests.debug.xcconfig"; path = "Target Support Files/Pods-BooksApp-BooksAppUITests/Pods-BooksApp-BooksAppUITests.debug.xcconfig"; sourceTree = "<group>"; };
		35F2A5FD39A639C2621B1D35 /* Pods_BooksApp_BooksAppUITests.framework */ = {isa = PBXFileReference; explicitFileType = wrapper.framework; includeInIndex = 0; path = Pods_BooksApp_BooksAppUITests.framework; sourceTree = BUILT_PRODUCTS_DIR; };
		D44A132D625FFE9887E24D97 /* Pods-BooksAppTests.release.xcconfig */ = {isa = PBXFileReference; includeInIndex = 1; lastKnownFileType = text.xcconfig; name = "Pods-BooksAppTests.release.xcconfig"; path = "Target Support Files/Pods-BooksAppTests/Pods-BooksAppTests.release.xcconfig"; sourceTree = "<group>"; };
		D57CCD6348FA26B72E12F48C /* Pods-BooksApp.debug.xcconfig */ = {isa = PBXFileReference; includeInIndex = 1; lastKnownFileType = text.xcconfig; name = "Pods-BooksApp.debug.xcconfig"; path = "Target Support Files/Pods-BooksApp/Pods-BooksApp.debug.xcconfig"; sourceTree = "<group>"; };
		DCE646484843FB5D4C335DA2 /* Pods_BooksApp.framework */ = {isa = PBXFileReference; explicitFileType = wrapper.framework; includeInIndex = 0; path = Pods_BooksApp.framework; sourceTree = BUILT_PRODUCTS_DIR; };
		E434976825E5242A003A6B62 /* detailCell.xib */ = {isa = PBXFileReference; lastKnownFileType = file.xib; path = detailCell.xib; sourceTree = "<group>"; };
		E434976A25E52A8C003A6B62 /* DetailTableViewCell.swift */ = {isa = PBXFileReference; lastKnownFileType = sourcecode.swift; path = DetailTableViewCell.swift; sourceTree = "<group>"; };
		E434976C25E53391003A6B62 /* descriptionCell.xib */ = {isa = PBXFileReference; lastKnownFileType = file.xib; path = descriptionCell.xib; sourceTree = "<group>"; };
		E434976E25E53408003A6B62 /* DescriptionTableViewCell.swift */ = {isa = PBXFileReference; lastKnownFileType = sourcecode.swift; path = DescriptionTableViewCell.swift; sourceTree = "<group>"; };
		E4392B7425E255C1004A47C1 /* booksCell.xib */ = {isa = PBXFileReference; lastKnownFileType = file.xib; path = booksCell.xib; sourceTree = "<group>"; };
		E4392B7625E25B29004A47C1 /* SearchTableViewCell.swift */ = {isa = PBXFileReference; lastKnownFileType = sourcecode.swift; path = SearchTableViewCell.swift; sourceTree = "<group>"; };
		E4392B7A25E260B0004A47C1 /* BooksTableVC.swift */ = {isa = PBXFileReference; lastKnownFileType = sourcecode.swift; path = BooksTableVC.swift; sourceTree = "<group>"; };
		E4392B7C25E26102004A47C1 /* BooksTableViewCell.swift */ = {isa = PBXFileReference; lastKnownFileType = sourcecode.swift; path = BooksTableViewCell.swift; sourceTree = "<group>"; };
		E4392B7E25E26209004A47C1 /* categoryBookCell.xib */ = {isa = PBXFileReference; lastKnownFileType = file.xib; path = categoryBookCell.xib; sourceTree = "<group>"; };
		E4392B8025E28FA1004A47C1 /* Books.swift */ = {isa = PBXFileReference; lastKnownFileType = sourcecode.swift; path = Books.swift; sourceTree = "<group>"; };
		E4392B8225E3E9BA004A47C1 /* nothingFoundCell.xib */ = {isa = PBXFileReference; lastKnownFileType = file.xib; path = nothingFoundCell.xib; sourceTree = "<group>"; };
		E4392B8425E3EBBB004A47C1 /* loadingCell.xib */ = {isa = PBXFileReference; lastKnownFileType = file.xib; path = loadingCell.xib; sourceTree = "<group>"; };
		E4392B8625E402D5004A47C1 /* BookDetailVC.swift */ = {isa = PBXFileReference; lastKnownFileType = sourcecode.swift; path = BookDetailVC.swift; sourceTree = "<group>"; };
		E47CC22825E1265800A3A54E /* BooksApp.app */ = {isa = PBXFileReference; explicitFileType = wrapper.application; includeInIndex = 0; path = BooksApp.app; sourceTree = BUILT_PRODUCTS_DIR; };
		E47CC22B25E1265800A3A54E /* AppDelegate.swift */ = {isa = PBXFileReference; lastKnownFileType = sourcecode.swift; path = AppDelegate.swift; sourceTree = "<group>"; };
		E47CC22D25E1265800A3A54E /* SceneDelegate.swift */ = {isa = PBXFileReference; lastKnownFileType = sourcecode.swift; path = SceneDelegate.swift; sourceTree = "<group>"; };
		E47CC22F25E1265800A3A54E /* ViewController.swift */ = {isa = PBXFileReference; lastKnownFileType = sourcecode.swift; path = ViewController.swift; sourceTree = "<group>"; };
		E47CC23225E1265800A3A54E /* Base */ = {isa = PBXFileReference; lastKnownFileType = file.storyboard; name = Base; path = Base.lproj/Main.storyboard; sourceTree = "<group>"; };
		E47CC23425E1265900A3A54E /* Assets.xcassets */ = {isa = PBXFileReference; lastKnownFileType = folder.assetcatalog; path = Assets.xcassets; sourceTree = "<group>"; };
		E47CC23725E1265900A3A54E /* Base */ = {isa = PBXFileReference; lastKnownFileType = file.storyboard; name = Base; path = Base.lproj/LaunchScreen.storyboard; sourceTree = "<group>"; };
		E47CC23925E1265900A3A54E /* Info.plist */ = {isa = PBXFileReference; lastKnownFileType = text.plist.xml; path = Info.plist; sourceTree = "<group>"; };
		E47CC23E25E1265900A3A54E /* BooksAppTests.xctest */ = {isa = PBXFileReference; explicitFileType = wrapper.cfbundle; includeInIndex = 0; path = BooksAppTests.xctest; sourceTree = BUILT_PRODUCTS_DIR; };
		E47CC24225E1265900A3A54E /* BooksAppTests.swift */ = {isa = PBXFileReference; lastKnownFileType = sourcecode.swift; path = BooksAppTests.swift; sourceTree = "<group>"; };
		E47CC24425E1265900A3A54E /* Info.plist */ = {isa = PBXFileReference; lastKnownFileType = text.plist.xml; path = Info.plist; sourceTree = "<group>"; };
		E47CC24925E1265900A3A54E /* BooksAppUITests.xctest */ = {isa = PBXFileReference; explicitFileType = wrapper.cfbundle; includeInIndex = 0; path = BooksAppUITests.xctest; sourceTree = BUILT_PRODUCTS_DIR; };
		E47CC24D25E1265900A3A54E /* BooksAppUITests.swift */ = {isa = PBXFileReference; lastKnownFileType = sourcecode.swift; path = BooksAppUITests.swift; sourceTree = "<group>"; };
		E47CC24F25E1265900A3A54E /* Info.plist */ = {isa = PBXFileReference; lastKnownFileType = text.plist.xml; path = Info.plist; sourceTree = "<group>"; };
		E47CC25B25E129B700A3A54E /* SearchVC.swift */ = {isa = PBXFileReference; lastKnownFileType = sourcecode.swift; path = SearchVC.swift; sourceTree = "<group>"; };
		E47CC25D25E15AE000A3A54E /* HRBooksCollectionViewCell.swift */ = {isa = PBXFileReference; lastKnownFileType = sourcecode.swift; path = HRBooksCollectionViewCell.swift; sourceTree = "<group>"; };
		E47CC25F25E1727800A3A54E /* CategoriesTableViewCell.swift */ = {isa = PBXFileReference; lastKnownFileType = sourcecode.swift; path = CategoriesTableViewCell.swift; sourceTree = "<group>"; };
		E72D5620C538CAB506C64953 /* Pods_BooksAppTests.framework */ = {isa = PBXFileReference; explicitFileType = wrapper.framework; includeInIndex = 0; path = Pods_BooksAppTests.framework; sourceTree = BUILT_PRODUCTS_DIR; };
		F60F367E9063CFFEB5309372 /* Pods-BooksAppTests.debug.xcconfig */ = {isa = PBXFileReference; includeInIndex = 1; lastKnownFileType = text.xcconfig; name = "Pods-BooksAppTests.debug.xcconfig"; path = "Target Support Files/Pods-BooksAppTests/Pods-BooksAppTests.debug.xcconfig"; sourceTree = "<group>"; };
/* End PBXFileReference section */

/* Begin PBXFrameworksBuildPhase section */
		E47CC22525E1265800A3A54E /* Frameworks */ = {
			isa = PBXFrameworksBuildPhase;
			buildActionMask = 2147483647;
			files = (
				D64E360F229979CB27A1DF84 /* Pods_BooksApp.framework in Frameworks */,
			);
			runOnlyForDeploymentPostprocessing = 0;
		};
		E47CC23B25E1265900A3A54E /* Frameworks */ = {
			isa = PBXFrameworksBuildPhase;
			buildActionMask = 2147483647;
			files = (
				08D97091ED2581B4D41E0B06 /* Pods_BooksAppTests.framework in Frameworks */,
			);
			runOnlyForDeploymentPostprocessing = 0;
		};
		E47CC24625E1265900A3A54E /* Frameworks */ = {
			isa = PBXFrameworksBuildPhase;
			buildActionMask = 2147483647;
			files = (
				5AF1DD7776D4E97FC946A2ED /* Pods_BooksApp_BooksAppUITests.framework in Frameworks */,
			);
			runOnlyForDeploymentPostprocessing = 0;
		};
/* End PBXFrameworksBuildPhase section */

/* Begin PBXGroup section */
		24459DCACC07E9BFB1B56F46 /* Frameworks */ = {
			isa = PBXGroup;
			children = (
				DCE646484843FB5D4C335DA2 /* Pods_BooksApp.framework */,
				35F2A5FD39A639C2621B1D35 /* Pods_BooksApp_BooksAppUITests.framework */,
				E72D5620C538CAB506C64953 /* Pods_BooksAppTests.framework */,
			);
			name = Frameworks;
			sourceTree = "<group>";
		};
		E1EFA1EA0AD9C80F5C9EB263 /* Pods */ = {
			isa = PBXGroup;
			children = (
				D57CCD6348FA26B72E12F48C /* Pods-BooksApp.debug.xcconfig */,
				0ED9AA18D4B8E81C0B290FFD /* Pods-BooksApp.release.xcconfig */,
				338EA723A1B002D05C114CB8 /* Pods-BooksApp-BooksAppUITests.debug.xcconfig */,
				10E30E76AC05A5D0000518DA /* Pods-BooksApp-BooksAppUITests.release.xcconfig */,
				F60F367E9063CFFEB5309372 /* Pods-BooksAppTests.debug.xcconfig */,
				D44A132D625FFE9887E24D97 /* Pods-BooksAppTests.release.xcconfig */,
			);
			path = Pods;
			sourceTree = "<group>";
		};
		E47CC21F25E1265800A3A54E = {
			isa = PBXGroup;
			children = (
				E47CC22A25E1265800A3A54E /* BooksApp */,
				E47CC24125E1265900A3A54E /* BooksAppTests */,
				E47CC24C25E1265900A3A54E /* BooksAppUITests */,
				E47CC22925E1265800A3A54E /* Products */,
				E1EFA1EA0AD9C80F5C9EB263 /* Pods */,
				24459DCACC07E9BFB1B56F46 /* Frameworks */,
			);
			sourceTree = "<group>";
		};
		E47CC22925E1265800A3A54E /* Products */ = {
			isa = PBXGroup;
			children = (
				E47CC22825E1265800A3A54E /* BooksApp.app */,
				E47CC23E25E1265900A3A54E /* BooksAppTests.xctest */,
				E47CC24925E1265900A3A54E /* BooksAppUITests.xctest */,
			);
			name = Products;
			sourceTree = "<group>";
		};
		E47CC22A25E1265800A3A54E /* BooksApp */ = {
			isa = PBXGroup;
			children = (
				E47CC22B25E1265800A3A54E /* AppDelegate.swift */,
				E47CC22D25E1265800A3A54E /* SceneDelegate.swift */,
				E47CC22F25E1265800A3A54E /* ViewController.swift */,
				E4392B7A25E260B0004A47C1 /* BooksTableVC.swift */,
				E47CC25B25E129B700A3A54E /* SearchVC.swift */,
				E4392B8625E402D5004A47C1 /* BookDetailVC.swift */,
				E47CC23125E1265800A3A54E /* Main.storyboard */,
				E4392B7425E255C1004A47C1 /* booksCell.xib */,
				E4392B7E25E26209004A47C1 /* categoryBookCell.xib */,
				E4392B8425E3EBBB004A47C1 /* loadingCell.xib */,
				E4392B8225E3E9BA004A47C1 /* nothingFoundCell.xib */,
				E47CC23425E1265900A3A54E /* Assets.xcassets */,
				E47CC23625E1265900A3A54E /* LaunchScreen.storyboard */,
				E47CC23925E1265900A3A54E /* Info.plist */,
				E47CC25D25E15AE000A3A54E /* HRBooksCollectionViewCell.swift */,
				E47CC25F25E1727800A3A54E /* CategoriesTableViewCell.swift */,
				E4392B7625E25B29004A47C1 /* SearchTableViewCell.swift */,
				E4392B7C25E26102004A47C1 /* BooksTableViewCell.swift */,
				E4392B8025E28FA1004A47C1 /* Books.swift */,
				E434976825E5242A003A6B62 /* detailCell.xib */,
				E434976A25E52A8C003A6B62 /* DetailTableViewCell.swift */,
				E434976C25E53391003A6B62 /* descriptionCell.xib */,
				E434976E25E53408003A6B62 /* DescriptionTableViewCell.swift */,
			);
			path = BooksApp;
			sourceTree = "<group>";
		};
		E47CC24125E1265900A3A54E /* BooksAppTests */ = {
			isa = PBXGroup;
			children = (
				E47CC24225E1265900A3A54E /* BooksAppTests.swift */,
				E47CC24425E1265900A3A54E /* Info.plist */,
			);
			path = BooksAppTests;
			sourceTree = "<group>";
		};
		E47CC24C25E1265900A3A54E /* BooksAppUITests */ = {
			isa = PBXGroup;
			children = (
				E47CC24D25E1265900A3A54E /* BooksAppUITests.swift */,
				E47CC24F25E1265900A3A54E /* Info.plist */,
			);
			path = BooksAppUITests;
			sourceTree = "<group>";
		};
/* End PBXGroup section */

/* Begin PBXNativeTarget section */
		E47CC22725E1265800A3A54E /* BooksApp */ = {
			isa = PBXNativeTarget;
			buildConfigurationList = E47CC25225E1265900A3A54E /* Build configuration list for PBXNativeTarget "BooksApp" */;
			buildPhases = (
				732CAB0A3ADA3E51CBB9B9EC /* [CP] Check Pods Manifest.lock */,
				E47CC22425E1265800A3A54E /* Sources */,
				E47CC22525E1265800A3A54E /* Frameworks */,
				E47CC22625E1265800A3A54E /* Resources */,
				60180F5564974BEEC3800679 /* [CP] Embed Pods Frameworks */,
			);
			buildRules = (
			);
			dependencies = (
			);
			name = BooksApp;
			productName = BooksApp;
			productReference = E47CC22825E1265800A3A54E /* BooksApp.app */;
			productType = "com.apple.product-type.application";
		};
		E47CC23D25E1265900A3A54E /* BooksAppTests */ = {
			isa = PBXNativeTarget;
			buildConfigurationList = E47CC25525E1265900A3A54E /* Build configuration list for PBXNativeTarget "BooksAppTests" */;
			buildPhases = (
				47B51BF200911142F0D7FBD9 /* [CP] Check Pods Manifest.lock */,
				E47CC23A25E1265900A3A54E /* Sources */,
				E47CC23B25E1265900A3A54E /* Frameworks */,
				E47CC23C25E1265900A3A54E /* Resources */,
			);
			buildRules = (
			);
			dependencies = (
				E47CC24025E1265900A3A54E /* PBXTargetDependency */,
			);
			name = BooksAppTests;
			productName = BooksAppTests;
			productReference = E47CC23E25E1265900A3A54E /* BooksAppTests.xctest */;
			productType = "com.apple.product-type.bundle.unit-test";
		};
		E47CC24825E1265900A3A54E /* BooksAppUITests */ = {
			isa = PBXNativeTarget;
			buildConfigurationList = E47CC25825E1265900A3A54E /* Build configuration list for PBXNativeTarget "BooksAppUITests" */;
			buildPhases = (
				B3CA709BFCCD9AE7E31C2D02 /* [CP] Check Pods Manifest.lock */,
				E47CC24525E1265900A3A54E /* Sources */,
				E47CC24625E1265900A3A54E /* Frameworks */,
				E47CC24725E1265900A3A54E /* Resources */,
				E6C45C4796374369D198A55E /* [CP] Embed Pods Frameworks */,
			);
			buildRules = (
			);
			dependencies = (
				E47CC24B25E1265900A3A54E /* PBXTargetDependency */,
			);
			name = BooksAppUITests;
			productName = BooksAppUITests;
			productReference = E47CC24925E1265900A3A54E /* BooksAppUITests.xctest */;
			productType = "com.apple.product-type.bundle.ui-testing";
		};
/* End PBXNativeTarget section */

/* Begin PBXProject section */
		E47CC22025E1265800A3A54E /* Project object */ = {
			isa = PBXProject;
			attributes = {
				LastSwiftUpdateCheck = 1160;
				LastUpgradeCheck = 1160;
				ORGANIZATIONNAME = ElifKorkmaz;
				TargetAttributes = {
					E47CC22725E1265800A3A54E = {
						CreatedOnToolsVersion = 11.6;
					};
					E47CC23D25E1265900A3A54E = {
						CreatedOnToolsVersion = 11.6;
						TestTargetID = E47CC22725E1265800A3A54E;
					};
					E47CC24825E1265900A3A54E = {
						CreatedOnToolsVersion = 11.6;
						TestTargetID = E47CC22725E1265800A3A54E;
					};
				};
			};
			buildConfigurationList = E47CC22325E1265800A3A54E /* Build configuration list for PBXProject "BooksApp" */;
			compatibilityVersion = "Xcode 9.3";
			developmentRegion = en;
			hasScannedForEncodings = 0;
			knownRegions = (
				en,
				Base,
			);
			mainGroup = E47CC21F25E1265800A3A54E;
			productRefGroup = E47CC22925E1265800A3A54E /* Products */;
			projectDirPath = "";
			projectRoot = "";
			targets = (
				E47CC22725E1265800A3A54E /* BooksApp */,
				E47CC23D25E1265900A3A54E /* BooksAppTests */,
				E47CC24825E1265900A3A54E /* BooksAppUITests */,
			);
		};
/* End PBXProject section */

/* Begin PBXResourcesBuildPhase section */
		E47CC22625E1265800A3A54E /* Resources */ = {
			isa = PBXResourcesBuildPhase;
			buildActionMask = 2147483647;
			files = (
				E4392B8325E3E9BB004A47C1 /* nothingFoundCell.xib in Resources */,
				E4392B8525E3EBBB004A47C1 /* loadingCell.xib in Resources */,
				E434976D25E53391003A6B62 /* descriptionCell.xib in Resources */,
				E434976925E5242A003A6B62 /* detailCell.xib in Resources */,
				E4392B7F25E26209004A47C1 /* categoryBookCell.xib in Resources */,
				E4392B7525E255C1004A47C1 /* booksCell.xib in Resources */,
				E47CC23825E1265900A3A54E /* LaunchScreen.storyboard in Resources */,
				E47CC23525E1265900A3A54E /* Assets.xcassets in Resources */,
				E47CC23325E1265800A3A54E /* Main.storyboard in Resources */,
			);
			runOnlyForDeploymentPostprocessing = 0;
		};
		E47CC23C25E1265900A3A54E /* Resources */ = {
			isa = PBXResourcesBuildPhase;
			buildActionMask = 2147483647;
			files = (
			);
			runOnlyForDeploymentPostprocessing = 0;
		};
		E47CC24725E1265900A3A54E /* Resources */ = {
			isa = PBXResourcesBuildPhase;
			buildActionMask = 2147483647;
			files = (
			);
			runOnlyForDeploymentPostprocessing = 0;
		};
/* End PBXResourcesBuildPhase section */

/* Begin PBXShellScriptBuildPhase section */
		47B51BF200911142F0D7FBD9 /* [CP] Check Pods Manifest.lock */ = {
			isa = PBXShellScriptBuildPhase;
			buildActionMask = 2147483647;
			files = (
			);
			inputFileListPaths = (
			);
			inputPaths = (
				"${PODS_PODFILE_DIR_PATH}/Podfile.lock",
				"${PODS_ROOT}/Manifest.lock",
			);
			name = "[CP] Check Pods Manifest.lock";
			outputFileListPaths = (
			);
			outputPaths = (
				"$(DERIVED_FILE_DIR)/Pods-BooksAppTests-checkManifestLockResult.txt",
			);
			runOnlyForDeploymentPostprocessing = 0;
			shellPath = /bin/sh;
			shellScript = "diff \"${PODS_PODFILE_DIR_PATH}/Podfile.lock\" \"${PODS_ROOT}/Manifest.lock\" > /dev/null\nif [ $? != 0 ] ; then\n    # print error to STDERR\n    echo \"error: The sandbox is not in sync with the Podfile.lock. Run 'pod install' or update your CocoaPods installation.\" >&2\n    exit 1\nfi\n# This output is used by Xcode 'outputs' to avoid re-running this script phase.\necho \"SUCCESS\" > \"${SCRIPT_OUTPUT_FILE_0}\"\n";
			showEnvVarsInLog = 0;
		};
		60180F5564974BEEC3800679 /* [CP] Embed Pods Frameworks */ = {
			isa = PBXShellScriptBuildPhase;
			buildActionMask = 2147483647;
			files = (
			);
			inputFileListPaths = (
				"${PODS_ROOT}/Target Support Files/Pods-BooksApp/Pods-BooksApp-frameworks-${CONFIGURATION}-input-files.xcfilelist",
			);
			name = "[CP] Embed Pods Frameworks";
			outputFileListPaths = (
				"${PODS_ROOT}/Target Support Files/Pods-BooksApp/Pods-BooksApp-frameworks-${CONFIGURATION}-output-files.xcfilelist",
			);
			runOnlyForDeploymentPostprocessing = 0;
			shellPath = /bin/sh;
			shellScript = "\"${PODS_ROOT}/Target Support Files/Pods-BooksApp/Pods-BooksApp-frameworks.sh\"\n";
			showEnvVarsInLog = 0;
		};
		732CAB0A3ADA3E51CBB9B9EC /* [CP] Check Pods Manifest.lock */ = {
			isa = PBXShellScriptBuildPhase;
			buildActionMask = 2147483647;
			files = (
			);
			inputFileListPaths = (
			);
			inputPaths = (
				"${PODS_PODFILE_DIR_PATH}/Podfile.lock",
				"${PODS_ROOT}/Manifest.lock",
			);
			name = "[CP] Check Pods Manifest.lock";
			outputFileListPaths = (
			);
			outputPaths = (
				"$(DERIVED_FILE_DIR)/Pods-BooksApp-checkManifestLockResult.txt",
			);
			runOnlyForDeploymentPostprocessing = 0;
			shellPath = /bin/sh;
			shellScript = "diff \"${PODS_PODFILE_DIR_PATH}/Podfile.lock\" \"${PODS_ROOT}/Manifest.lock\" > /dev/null\nif [ $? != 0 ] ; then\n    # print error to STDERR\n    echo \"error: The sandbox is not in sync with the Podfile.lock. Run 'pod install' or update your CocoaPods installation.\" >&2\n    exit 1\nfi\n# This output is used by Xcode 'outputs' to avoid re-running this script phase.\necho \"SUCCESS\" > \"${SCRIPT_OUTPUT_FILE_0}\"\n";
			showEnvVarsInLog = 0;
		};
		B3CA709BFCCD9AE7E31C2D02 /* [CP] Check Pods Manifest.lock */ = {
			isa = PBXShellScriptBuildPhase;
			buildActionMask = 2147483647;
			files = (
			);
			inputFileListPaths = (
			);
			inputPaths = (
				"${PODS_PODFILE_DIR_PATH}/Podfile.lock",
				"${PODS_ROOT}/Manifest.lock",
			);
			name = "[CP] Check Pods Manifest.lock";
			outputFileListPaths = (
			);
			outputPaths = (
				"$(DERIVED_FILE_DIR)/Pods-BooksApp-BooksAppUITests-checkManifestLockResult.txt",
			);
			runOnlyForDeploymentPostprocessing = 0;
			shellPath = /bin/sh;
			shellScript = "diff \"${PODS_PODFILE_DIR_PATH}/Podfile.lock\" \"${PODS_ROOT}/Manifest.lock\" > /dev/null\nif [ $? != 0 ] ; then\n    # print error to STDERR\n    echo \"error: The sandbox is not in sync with the Podfile.lock. Run 'pod install' or update your CocoaPods installation.\" >&2\n    exit 1\nfi\n# This output is used by Xcode 'outputs' to avoid re-running this script phase.\necho \"SUCCESS\" > \"${SCRIPT_OUTPUT_FILE_0}\"\n";
			showEnvVarsInLog = 0;
		};
		E6C45C4796374369D198A55E /* [CP] Embed Pods Frameworks */ = {
			isa = PBXShellScriptBuildPhase;
			buildActionMask = 2147483647;
			files = (
			);
			inputFileListPaths = (
				"${PODS_ROOT}/Target Support Files/Pods-BooksApp-BooksAppUITests/Pods-BooksApp-BooksAppUITests-frameworks-${CONFIGURATION}-input-files.xcfilelist",
			);
			name = "[CP] Embed Pods Frameworks";
			outputFileListPaths = (
				"${PODS_ROOT}/Target Support Files/Pods-BooksApp-BooksAppUITests/Pods-BooksApp-BooksAppUITests-frameworks-${CONFIGURATION}-output-files.xcfilelist",
			);
			runOnlyForDeploymentPostprocessing = 0;
			shellPath = /bin/sh;
			shellScript = "\"${PODS_ROOT}/Target Support Files/Pods-BooksApp-BooksAppUITests/Pods-BooksApp-BooksAppUITests-frameworks.sh\"\n";
			showEnvVarsInLog = 0;
		};
/* End PBXShellScriptBuildPhase section */

/* Begin PBXSourcesBuildPhase section */
		E47CC22425E1265800A3A54E /* Sources */ = {
			isa = PBXSourcesBuildPhase;
			buildActionMask = 2147483647;
			files = (
				E47CC25C25E129B700A3A54E /* SearchVC.swift in Sources */,
				E47CC25E25E15AE000A3A54E /* HRBooksCollectionViewCell.swift in Sources */,
				E47CC23025E1265800A3A54E /* ViewController.swift in Sources */,
				E4392B7D25E26102004A47C1 /* BooksTableViewCell.swift in Sources */,
				E4392B8725E402D5004A47C1 /* BookDetailVC.swift in Sources */,
				E4392B8125E28FA1004A47C1 /* Books.swift in Sources */,
				E434976B25E52A8C003A6B62 /* DetailTableViewCell.swift in Sources */,
				E434976F25E53408003A6B62 /* DescriptionTableViewCell.swift in Sources */,
				E47CC22C25E1265800A3A54E /* AppDelegate.swift in Sources */,
				E4392B7B25E260B0004A47C1 /* BooksTableVC.swift in Sources */,
				E47CC22E25E1265800A3A54E /* SceneDelegate.swift in Sources */,
				E47CC26025E1727800A3A54E /* CategoriesTableViewCell.swift in Sources */,
				E4392B7725E25B29004A47C1 /* SearchTableViewCell.swift in Sources */,
			);
			runOnlyForDeploymentPostprocessing = 0;
		};
		E47CC23A25E1265900A3A54E /* Sources */ = {
			isa = PBXSourcesBuildPhase;
			buildActionMask = 2147483647;
			files = (
				E47CC24325E1265900A3A54E /* BooksAppTests.swift in Sources */,
			);
			runOnlyForDeploymentPostprocessing = 0;
		};
		E47CC24525E1265900A3A54E /* Sources */ = {
			isa = PBXSourcesBuildPhase;
			buildActionMask = 2147483647;
			files = (
				E47CC24E25E1265900A3A54E /* BooksAppUITests.swift in Sources */,
			);
			runOnlyForDeploymentPostprocessing = 0;
		};
/* End PBXSourcesBuildPhase section */

/* Begin PBXTargetDependency section */
		E47CC24025E1265900A3A54E /* PBXTargetDependency */ = {
			isa = PBXTargetDependency;
			target = E47CC22725E1265800A3A54E /* BooksApp */;
			targetProxy = E47CC23F25E1265900A3A54E /* PBXContainerItemProxy */;
		};
		E47CC24B25E1265900A3A54E /* PBXTargetDependency */ = {
			isa = PBXTargetDependency;
			target = E47CC22725E1265800A3A54E /* BooksApp */;
			targetProxy = E47CC24A25E1265900A3A54E /* PBXContainerItemProxy */;
		};
/* End PBXTargetDependency section */

/* Begin PBXVariantGroup section */
		E47CC23125E1265800A3A54E /* Main.storyboard */ = {
			isa = PBXVariantGroup;
			children = (
				E47CC23225E1265800A3A54E /* Base */,
			);
			name = Main.storyboard;
			sourceTree = "<group>";
		};
		E47CC23625E1265900A3A54E /* LaunchScreen.storyboard */ = {
			isa = PBXVariantGroup;
			children = (
				E47CC23725E1265900A3A54E /* Base */,
			);
			name = LaunchScreen.storyboard;
			sourceTree = "<group>";
		};
/* End PBXVariantGroup section */

/* Begin XCBuildConfiguration section */
		E47CC25025E1265900A3A54E /* Debug */ = {
			isa = XCBuildConfiguration;
			buildSettings = {
				ALWAYS_SEARCH_USER_PATHS = NO;
				CLANG_ANALYZER_NONNULL = YES;
				CLANG_ANALYZER_NUMBER_OBJECT_CONVERSION = YES_AGGRESSIVE;
				CLANG_CXX_LANGUAGE_STANDARD = "gnu++14";
				CLANG_CXX_LIBRARY = "libc++";
				CLANG_ENABLE_MODULES = YES;
				CLANG_ENABLE_OBJC_ARC = YES;
				CLANG_ENABLE_OBJC_WEAK = YES;
				CLANG_WARN_BLOCK_CAPTURE_AUTORELEASING = YES;
				CLANG_WARN_BOOL_CONVERSION = YES;
				CLANG_WARN_COMMA = YES;
				CLANG_WARN_CONSTANT_CONVERSION = YES;
				CLANG_WARN_DEPRECATED_OBJC_IMPLEMENTATIONS = YES;
				CLANG_WARN_DIRECT_OBJC_ISA_USAGE = YES_ERROR;
				CLANG_WARN_DOCUMENTATION_COMMENTS = YES;
				CLANG_WARN_EMPTY_BODY = YES;
				CLANG_WARN_ENUM_CONVERSION = YES;
				CLANG_WARN_INFINITE_RECURSION = YES;
				CLANG_WARN_INT_CONVERSION = YES;
				CLANG_WARN_NON_LITERAL_NULL_CONVERSION = YES;
				CLANG_WARN_OBJC_IMPLICIT_RETAIN_SELF = YES;
				CLANG_WARN_OBJC_LITERAL_CONVERSION = YES;
				CLANG_WARN_OBJC_ROOT_CLASS = YES_ERROR;
				CLANG_WARN_RANGE_LOOP_ANALYSIS = YES;
				CLANG_WARN_STRICT_PROTOTYPES = YES;
				CLANG_WARN_SUSPICIOUS_MOVE = YES;
				CLANG_WARN_UNGUARDED_AVAILABILITY = YES_AGGRESSIVE;
				CLANG_WARN_UNREACHABLE_CODE = YES;
				CLANG_WARN__DUPLICATE_METHOD_MATCH = YES;
				COPY_PHASE_STRIP = NO;
				DEBUG_INFORMATION_FORMAT = dwarf;
				ENABLE_STRICT_OBJC_MSGSEND = YES;
				ENABLE_TESTABILITY = YES;
				GCC_C_LANGUAGE_STANDARD = gnu11;
				GCC_DYNAMIC_NO_PIC = NO;
				GCC_NO_COMMON_BLOCKS = YES;
				GCC_OPTIMIZATION_LEVEL = 0;
				GCC_PREPROCESSOR_DEFINITIONS = (
					"DEBUG=1",
					"$(inherited)",
				);
				GCC_WARN_64_TO_32_BIT_CONVERSION = YES;
				GCC_WARN_ABOUT_RETURN_TYPE = YES_ERROR;
				GCC_WARN_UNDECLARED_SELECTOR = YES;
				GCC_WARN_UNINITIALIZED_AUTOS = YES_AGGRESSIVE;
				GCC_WARN_UNUSED_FUNCTION = YES;
				GCC_WARN_UNUSED_VARIABLE = YES;
				IPHONEOS_DEPLOYMENT_TARGET = 13.6;
				MTL_ENABLE_DEBUG_INFO = INCLUDE_SOURCE;
				MTL_FAST_MATH = YES;
				ONLY_ACTIVE_ARCH = YES;
				SDKROOT = iphoneos;
				SWIFT_ACTIVE_COMPILATION_CONDITIONS = DEBUG;
				SWIFT_OPTIMIZATION_LEVEL = "-Onone";
			};
			name = Debug;
		};
		E47CC25125E1265900A3A54E /* Release */ = {
			isa = XCBuildConfiguration;
			buildSettings = {
				ALWAYS_SEARCH_USER_PATHS = NO;
				CLANG_ANALYZER_NONNULL = YES;
				CLANG_ANALYZER_NUMBER_OBJECT_CONVERSION = YES_AGGRESSIVE;
				CLANG_CXX_LANGUAGE_STANDARD = "gnu++14";
				CLANG_CXX_LIBRARY = "libc++";
				CLANG_ENABLE_MODULES = YES;
				CLANG_ENABLE_OBJC_ARC = YES;
				CLANG_ENABLE_OBJC_WEAK = YES;
				CLANG_WARN_BLOCK_CAPTURE_AUTORELEASING = YES;
				CLANG_WARN_BOOL_CONVERSION = YES;
				CLANG_WARN_COMMA = YES;
				CLANG_WARN_CONSTANT_CONVERSION = YES;
				CLANG_WARN_DEPRECATED_OBJC_IMPLEMENTATIONS = YES;
				CLANG_WARN_DIRECT_OBJC_ISA_USAGE = YES_ERROR;
				CLANG_WARN_DOCUMENTATION_COMMENTS = YES;
				CLANG_WARN_EMPTY_BODY = YES;
				CLANG_WARN_ENUM_CONVERSION = YES;
				CLANG_WARN_INFINITE_RECURSION = YES;
				CLANG_WARN_INT_CONVERSION = YES;
				CLANG_WARN_NON_LITERAL_NULL_CONVERSION = YES;
				CLANG_WARN_OBJC_IMPLICIT_RETAIN_SELF = YES;
				CLANG_WARN_OBJC_LITERAL_CONVERSION = YES;
				CLANG_WARN_OBJC_ROOT_CLASS = YES_ERROR;
				CLANG_WARN_RANGE_LOOP_ANALYSIS = YES;
				CLANG_WARN_STRICT_PROTOTYPES = YES;
				CLANG_WARN_SUSPICIOUS_MOVE = YES;
				CLANG_WARN_UNGUARDED_AVAILABILITY = YES_AGGRESSIVE;
				CLANG_WARN_UNREACHABLE_CODE = YES;
				CLANG_WARN__DUPLICATE_METHOD_MATCH = YES;
				COPY_PHASE_STRIP = NO;
				DEBUG_INFORMATION_FORMAT = "dwarf-with-dsym";
				ENABLE_NS_ASSERTIONS = NO;
				ENABLE_STRICT_OBJC_MSGSEND = YES;
				GCC_C_LANGUAGE_STANDARD = gnu11;
				GCC_NO_COMMON_BLOCKS = YES;
				GCC_WARN_64_TO_32_BIT_CONVERSION = YES;
				GCC_WARN_ABOUT_RETURN_TYPE = YES_ERROR;
				GCC_WARN_UNDECLARED_SELECTOR = YES;
				GCC_WARN_UNINITIALIZED_AUTOS = YES_AGGRESSIVE;
				GCC_WARN_UNUSED_FUNCTION = YES;
				GCC_WARN_UNUSED_VARIABLE = YES;
				IPHONEOS_DEPLOYMENT_TARGET = 13.6;
				MTL_ENABLE_DEBUG_INFO = NO;
				MTL_FAST_MATH = YES;
				SDKROOT = iphoneos;
				SWIFT_COMPILATION_MODE = wholemodule;
				SWIFT_OPTIMIZATION_LEVEL = "-O";
				VALIDATE_PRODUCT = YES;
			};
			name = Release;
		};
		E47CC25325E1265900A3A54E /* Debug */ = {
			isa = XCBuildConfiguration;
			baseConfigurationReference = D57CCD6348FA26B72E12F48C /* Pods-BooksApp.debug.xcconfig */;
			buildSettings = {
				ASSETCATALOG_COMPILER_APPICON_NAME = AppIcon;
				CODE_SIGN_STYLE = Automatic;
				DEVELOPMENT_TEAM = QDGJ396G9K;
				INFOPLIST_FILE = BooksApp/Info.plist;
				LD_RUNPATH_SEARCH_PATHS = (
					"$(inherited)",
					"@executable_path/Frameworks",
				);
				PRODUCT_BUNDLE_IDENTIFIER = com.elif.BooksApp;
				PRODUCT_NAME = "$(TARGET_NAME)";
				SWIFT_VERSION = 5.0;
				TARGETED_DEVICE_FAMILY = "1,2";
			};
			name = Debug;
		};
		E47CC25425E1265900A3A54E /* Release */ = {
			isa = XCBuildConfiguration;
			baseConfigurationReference = 0ED9AA18D4B8E81C0B290FFD /* Pods-BooksApp.release.xcconfig */;
			buildSettings = {
				ASSETCATALOG_COMPILER_APPICON_NAME = AppIcon;
				CODE_SIGN_STYLE = Automatic;
				DEVELOPMENT_TEAM = QDGJ396G9K;
				INFOPLIST_FILE = BooksApp/Info.plist;
				LD_RUNPATH_SEARCH_PATHS = (
					"$(inherited)",
					"@executable_path/Frameworks",
				);
				PRODUCT_BUNDLE_IDENTIFIER = com.elif.BooksApp;
				PRODUCT_NAME = "$(TARGET_NAME)";
				SWIFT_VERSION = 5.0;
				TARGETED_DEVICE_FAMILY = "1,2";
			};
			name = Release;
		};
		E47CC25625E1265900A3A54E /* Debug */ = {
			isa = XCBuildConfiguration;
			baseConfigurationReference = F60F367E9063CFFEB5309372 /* Pods-BooksAppTests.debug.xcconfig */;
			buildSettings = {
				ALWAYS_EMBED_SWIFT_STANDARD_LIBRARIES = YES;
				BUNDLE_LOADER = "$(TEST_HOST)";
				CODE_SIGN_STYLE = Automatic;
				DEVELOPMENT_TEAM = QDGJ396G9K;
				INFOPLIST_FILE = BooksAppTests/Info.plist;
				IPHONEOS_DEPLOYMENT_TARGET = 13.6;
				LD_RUNPATH_SEARCH_PATHS = (
					"$(inherited)",
					"@executable_path/Frameworks",
					"@loader_path/Frameworks",
				);
				PRODUCT_BUNDLE_IDENTIFIER = com.elif.BooksAppTests;
				PRODUCT_NAME = "$(TARGET_NAME)";
				SWIFT_VERSION = 5.0;
				TARGETED_DEVICE_FAMILY = "1,2";
				TEST_HOST = "$(BUILT_PRODUCTS_DIR)/BooksApp.app/BooksApp";
			};
			name = Debug;
		};
		E47CC25725E1265900A3A54E /* Release */ = {
			isa = XCBuildConfiguration;
			baseConfigurationReference = D44A132D625FFE9887E24D97 /* Pods-BooksAppTests.release.xcconfig */;
			buildSettings = {
				ALWAYS_EMBED_SWIFT_STANDARD_LIBRARIES = YES;
				BUNDLE_LOADER = "$(TEST_HOST)";
				CODE_SIGN_STYLE = Automatic;
				DEVELOPMENT_TEAM = QDGJ396G9K;
				INFOPLIST_FILE = BooksAppTests/Info.plist;
				IPHONEOS_DEPLOYMENT_TARGET = 13.6;
				LD_RUNPATH_SEARCH_PATHS = (
					"$(inherited)",
					"@executable_path/Frameworks",
					"@loader_path/Frameworks",
				);
				PRODUCT_BUNDLE_IDENTIFIER = com.elif.BooksAppTests;
				PRODUCT_NAME = "$(TARGET_NAME)";
				SWIFT_VERSION = 5.0;
				TARGETED_DEVICE_FAMILY = "1,2";
				TEST_HOST = "$(BUILT_PRODUCTS_DIR)/BooksApp.app/BooksApp";
			};
			name = Release;
		};
		E47CC25925E1265900A3A54E /* Debug */ = {
			isa = XCBuildConfiguration;
			baseConfigurationReference = 338EA723A1B002D05C114CB8 /* Pods-BooksApp-BooksAppUITests.debug.xcconfig */;
			buildSettings = {
				ALWAYS_EMBED_SWIFT_STANDARD_LIBRARIES = YES;
				CODE_SIGN_STYLE = Automatic;
				DEVELOPMENT_TEAM = QDGJ396G9K;
				INFOPLIST_FILE = BooksAppUITests/Info.plist;
				LD_RUNPATH_SEARCH_PATHS = (
					"$(inherited)",
					"@executable_path/Frameworks",
					"@loader_path/Frameworks",
				);
				PRODUCT_BUNDLE_IDENTIFIER = com.elif.BooksAppUITests;
				PRODUCT_NAME = "$(TARGET_NAME)";
				SWIFT_VERSION = 5.0;
				TARGETED_DEVICE_FAMILY = "1,2";
				TEST_TARGET_NAME = BooksApp;
			};
			name = Debug;
		};
		E47CC25A25E1265900A3A54E /* Release */ = {
			isa = XCBuildConfiguration;
			baseConfigurationReference = 10E30E76AC05A5D0000518DA /* Pods-BooksApp-BooksAppUITests.release.xcconfig */;
			buildSettings = {
				ALWAYS_EMBED_SWIFT_STANDARD_LIBRARIES = YES;
				CODE_SIGN_STYLE = Automatic;
				DEVELOPMENT_TEAM = QDGJ396G9K;
				INFOPLIST_FILE = BooksAppUITests/Info.plist;
				LD_RUNPATH_SEARCH_PATHS = (
					"$(inherited)",
					"@executable_path/Frameworks",
					"@loader_path/Frameworks",
				);
				PRODUCT_BUNDLE_IDENTIFIER = com.elif.BooksAppUITests;
				PRODUCT_NAME = "$(TARGET_NAME)";
				SWIFT_VERSION = 5.0;
				TARGETED_DEVICE_FAMILY = "1,2";
				TEST_TARGET_NAME = BooksApp;
			};
			name = Release;
		};
/* End XCBuildConfiguration section */

/* Begin XCConfigurationList section */
		E47CC22325E1265800A3A54E /* Build configuration list for PBXProject "BooksApp" */ = {
			isa = XCConfigurationList;
			buildConfigurations = (
				E47CC25025E1265900A3A54E /* Debug */,
				E47CC25125E1265900A3A54E /* Release */,
			);
			defaultConfigurationIsVisible = 0;
			defaultConfigurationName = Release;
		};
		E47CC25225E1265900A3A54E /* Build configuration list for PBXNativeTarget "BooksApp" */ = {
			isa = XCConfigurationList;
			buildConfigurations = (
				E47CC25325E1265900A3A54E /* Debug */,
				E47CC25425E1265900A3A54E /* Release */,
			);
			defaultConfigurationIsVisible = 0;
			defaultConfigurationName = Release;
		};
		E47CC25525E1265900A3A54E /* Build configuration list for PBXNativeTarget "BooksAppTests" */ = {
			isa = XCConfigurationList;
			buildConfigurations = (
				E47CC25625E1265900A3A54E /* Debug */,
				E47CC25725E1265900A3A54E /* Release */,
			);
			defaultConfigurationIsVisible = 0;
			defaultConfigurationName = Release;
		};
		E47CC25825E1265900A3A54E /* Build configuration list for PBXNativeTarget "BooksAppUITests" */ = {
			isa = XCConfigurationList;
			buildConfigurations = (
				E47CC25925E1265900A3A54E /* Debug */,
				E47CC25A25E1265900A3A54E /* Release */,
			);
			defaultConfigurationIsVisible = 0;
			defaultConfigurationName = Release;
		};
/* End XCConfigurationList section */
	};
	rootObject = E47CC22025E1265800A3A54E /* Project object */;
}
